
Microsoft Visual Studio Solution File, Format Version 12.00
# Visual Studio 2017
Project("{FAE04EC0-301F-11D3-BF4B-00C04F79EFBC}") = "SoundTransitTwitterUpdates", "src\SoundTransitTwitterUpdates\SoundTransitTwitterUpdates.csproj", "{5A5F4D74-1159-498F-A14C-CF3C5E371220}"
EndProject
Project("{FAE04EC0-301F-11D3-BF4B-00C04F79EFBC}") = "SoundTransitTwitterUpdates.Tests", "test\SoundTransitTwitterUpdates\SoundTransitTwitterUpdates.Tests.csproj", "{3D648044-1F23-4EB5-9DA3-BE3D06E78D73}"
EndProject
Global
	GlobalSection(SolutionConfigurationPlatforms) = preSolution
		Debug|Any CPU = Debug|Any CPU
		Release|Any CPU = Release|Any CPU
	EndGlobalSection
	GlobalSection(ProjectConfigurationPlatforms) = postSolution
		{5A5F4D74-1159-498F-A14C-CF3C5E371220}.Debug|Any CPU.ActiveCfg = Debug|Any CPU
		{5A5F4D74-1159-498F-A14C-CF3C5E371220}.Debug|Any CPU.Build.0 = Debug|Any CPU
		{5A5F4D74-1159-498F-A14C-CF3C5E371220}.Release|Any CPU.ActiveCfg = Release|Any CPU
		{5A5F4D74-1159-498F-A14C-CF3C5E371220}.Release|Any CPU.Build.0 = Release|Any CPU
		{3D648044-1F23-4EB5-9DA3-BE3D06E78D73}.Debug|Any CPU.ActiveCfg = Debug|Any CPU
		{3D648044-1F23-4EB5-9DA3-BE3D06E78D73}.Debug|Any CPU.Build.0 = Debug|Any CPU
		{3D648044-1F23-4EB5-9DA3-BE3D06E78D73}.Release|Any CPU.ActiveCfg = Release|Any CPU
		{3D648044-1F23-4EB5-9DA3-BE3D06E78D73}.Release|Any CPU.Build.0 = Release|Any CPU
	EndGlobalSection
EndGlobal
